PODS:
  - Objection (1.6.1)
  - Onboard (2.3.0)

DEPENDENCIES:
  - Objection (= 1.6.1)
  - Onboard

SPEC CHECKSUMS:
  Objection: ed03f2219cb22d2b5b893114219fe6c7e3263bde
  Onboard: 7f41c4a92e66d53844438434b1e7f892d363e55b

PODFILE CHECKSUM: 2c5f2db6032777562e02356581f38cd10fb293d4

COCOAPODS: 1.1.1
