PODS:
  - ChameleonFramework (2.1.0):
    - ChameleonFramework/Default (= 2.1.0)
  - ChameleonFramework/Default (2.1.0)
  - Objection (1.6.1)
  - OCHamcrest (6.0.0)
  - OCMockito (4.0.0):
    - OCHamcrest (~> 6.0)
  - Onboard (2.3.0)
  - SwipeView (1.3.2)

DEPENDENCIES:
  - ChameleonFramework (~> 2.1)
  - Objection (= 1.6.1)
  - OCHamcrest (~> 6.0)
  - OCMockito (~> 4.0)
  - Onboard
  - SwipeView (~> 1.3)

SPEC CHECKSUMS:
  ChameleonFramework: d21a3cc247abfe5e37609a283a8238b03575cf64
  Objection: ed03f2219cb22d2b5b893114219fe6c7e3263bde
  OCHamcrest: fc8ab38149b97df8db8029a3f2157c951bf9081d
  OCMockito: 0bcf2e89a745b9de79c3b0229b46115ce3b962ab
  Onboard: 7f41c4a92e66d53844438434b1e7f892d363e55b
  SwipeView: bd67cfaf7760c036438446b3ccb28a3b84fce009

PODFILE CHECKSUM: c1cb1a44cb25ce63c6651d10716cbcd27eb583ba

COCOAPODS: 1.1.1
